
Microsoft Visual Studio Solution File, Format Version 12.00
# Visual Studio Version 16
VisualStudioVersion = 16.0.31129.286
MinimumVisualStudioVersion = 10.0.40219.1
Project("{FAE04EC0-301F-11D3-BF4B-00C04F79EFBC}") = "GenHMAC", "GenHMAC\GenHMAC.csproj", "{1016D3E2-A4AF-4B5D-870C-60F6E5F2ADBB}"
EndProject
Global
	GlobalSection(SolutionConfigurationPlatforms) = preSolution
		Debug|Any CPU = Debug|Any CPU
		Release|Any CPU = Release|Any CPU
	EndGlobalSection
	GlobalSection(ProjectConfigurationPlatforms) = postSolution
		{1016D3E2-A4AF-4B5D-870C-60F6E5F2ADBB}.Debug|Any CPU.ActiveCfg = Debug|Any CPU
		{1016D3E2-A4AF-4B5D-870C-60F6E5F2ADBB}.Debug|Any CPU.Build.0 = Debug|Any CPU
		{1016D3E2-A4AF-4B5D-870C-60F6E5F2ADBB}.Release|Any CPU.ActiveCfg = Release|Any CPU
		{1016D3E2-A4AF-4B5D-870C-60F6E5F2ADBB}.Release|Any CPU.Build.0 = Release|Any CPU
	EndGlobalSection
	GlobalSection(SolutionProperties) = preSolution
		HideSolutionNode = FALSE
	EndGlobalSection
	GlobalSection(ExtensibilityGlobals) = postSolution
		SolutionGuid = {66CFFD8D-A04B-4E85-8D97-188D815451DF}
	EndGlobalSection
EndGlobal
